
Microsoft Visual Studio Solution File, Format Version 12.00
# Visual Studio 14
VisualStudioVersion = 14.0.24720.0
MinimumVisualStudioVersion = 10.0.40219.1
Project("{FAE04EC0-301F-11D3-BF4B-00C04F79EFBC}") = "HangFire MVC 5 WebApp", "HangFire MVC 5 WebApp\HangFire MVC 5 WebApp.csproj", "{CDA853D6-7538-4B49-BF77-253D95ECC274}"
EndProject
Global
	GlobalSection(SolutionConfigurationPlatforms) = preSolution
		Debug|Any CPU = Debug|Any CPU
		Release|Any CPU = Release|Any CPU
	EndGlobalSection
	GlobalSection(ProjectConfigurationPlatforms) = postSolution
		{CDA853D6-7538-4B49-BF77-253D95ECC274}.Debug|Any CPU.ActiveCfg = Debug|Any CPU
		{CDA853D6-7538-4B49-BF77-253D95ECC274}.Debug|Any CPU.Build.0 = Debug|Any CPU
		{CDA853D6-7538-4B49-BF77-253D95ECC274}.Release|Any CPU.ActiveCfg = Release|Any CPU
		{CDA853D6-7538-4B49-BF77-253D95ECC274}.Release|Any CPU.Build.0 = Release|Any CPU
	EndGlobalSection
	GlobalSection(SolutionProperties) = preSolution
		HideSolutionNode = FALSE
	EndGlobalSection
EndGlobal
